{
  "name": "ddata-ui",
  "version": "1.0.0",
  "lockfileVersion": 1,
  "requires": true,
  "dependencies": {
    "@fortawesome/angular-fontawesome": {
      "version": "0.7.0",
      "resolved": "https://npm.fontawesome.com/@fortawesome/angular-fontawesome/-/0.7.0/angular-fontawesome-0.7.0.tgz",
      "integrity": "sha512-U+eHYbKuVYrrm9SnIfl+z+6KTiI4Pu+S2OKh34JIi7C1jHhDcrVeDZISP/cpswHY7LWWDOPYeKE+yuWFlL4aVw==",
      "requires": {
        "tslib": "^2.0.0"
      },
      "dependencies": {
        "tslib": {
          "version": "2.0.0",
          "resolved": "https://registry.npmjs.org/tslib/-/tslib-2.0.0.tgz",
          "integrity": "sha512-lTqkx847PI7xEDYJntxZH89L2/aXInsyF2luSafe/+0fHOMjlBNXdH6th7f70qxLDhul7KZK0zC8V5ZIyHl0/g=="
        }
      }
    },
    "@fortawesome/fontawesome-common-types": {
      "version": "0.2.30",
      "resolved": "https://npm.fontawesome.com/@fortawesome/fontawesome-common-types/-/0.2.30/fontawesome-common-types-0.2.30.tgz",
      "integrity": "sha512-TsRwpTuKwFNiPhk1UfKgw7zNPeV5RhNp2Uw3pws+9gDAkPGKrtjR1y2lI3SYn7+YzyfuNknflpBA1LRKjt7hMg=="
    },
    "@fortawesome/fontawesome-svg-core": {
      "version": "1.2.30",
      "resolved": "https://npm.fontawesome.com/@fortawesome/fontawesome-svg-core/-/1.2.30/fontawesome-svg-core-1.2.30.tgz",
      "integrity": "sha512-E3sAXATKCSVnT17HYmZjjbcmwihrNOCkoU7dVMlasrcwiJAHxSKeZ+4WN5O+ElgO/FaYgJmASl8p9N7/B/RttA==",
      "requires": {
        "@fortawesome/fontawesome-common-types": "^0.2.30"
      }
    },
    "@fortawesome/free-solid-svg-icons": {
      "version": "5.14.0",
      "resolved": "https://npm.fontawesome.com/@fortawesome/free-solid-svg-icons/-/5.14.0/free-solid-svg-icons-5.14.0.tgz",
      "integrity": "sha512-M933RDM8cecaKMWDSk3FRYdnzWGW7kBBlGNGfvqLVwcwhUPNj9gcw+xZMrqBdRqxnSXdl3zWzTCNNGEtFUq67Q==",
      "requires": {
        "@fortawesome/fontawesome-common-types": "^0.2.30"
      }
    },
    "@types/luxon": {
      "version": "1.11.1",
      "resolved": "https://registry.npmjs.org/@types/luxon/-/luxon-1.11.1.tgz",
      "integrity": "sha512-XBHQ7rzpOHyJudEQcMyoT67Np61FTb6S2jWqWQER/U7H2NAS+dpC8wv5T+6ygV5g/yJQdaojQbsJQiweool0Aw=="
    },
    "ddata-core": {
      "version": "0.0.2",
      "resolved": "https://registry.npmjs.org/ddata-core/-/ddata-core-0.0.2.tgz",
      "integrity": "sha512-y8AamRHhSOgKXJV02Pc1FkDwx8ASBHq2QDgEQuCrkGwNz984WAhm+jcoQnVRX519hwT892oQk0TpFe3KBWCRng==",
      "requires": {
        "tslib": "^2.0.0"
      },
      "dependencies": {
        "tslib": {
          "version": "2.0.0",
          "resolved": "https://registry.npmjs.org/tslib/-/tslib-2.0.0.tgz",
          "integrity": "sha512-lTqkx847PI7xEDYJntxZH89L2/aXInsyF2luSafe/+0fHOMjlBNXdH6th7f70qxLDhul7KZK0zC8V5ZIyHl0/g=="
        }
      }
    },
    "luxon": {
      "version": "1.24.0",
      "resolved": "https://registry.npmjs.org/luxon/-/luxon-1.24.0.tgz",
      "integrity": "sha512-PNeB5cFbBtmuS137OuEdaJnCMTMPS2vz9hnM1Zl6tUIuYdtUgEhMqfVZ7yxX0jHEGx6rp757ECe7cdZxDgq2Tg=="
    },
    "ngx-material-timepicker": {
      "version": "5.5.3",
      "resolved": "https://registry.npmjs.org/ngx-material-timepicker/-/ngx-material-timepicker-5.5.3.tgz",
      "integrity": "sha512-Ua6eNNNneHS8S1/3Tn2dUOnLdZ4k6MhQqvLM/eFVoeF0WF+q/uK1DAH8eAki3HW1ogq2oDWnVRSeXvvZGJldhQ==",
      "requires": {
        "@types/luxon": "1.11.1",
        "luxon": "1.24.0",
        "tslib": "^1.9.0"
      },
      "dependencies": {
        "tslib": {
          "version": "1.13.0",
          "resolved": "https://registry.npmjs.org/tslib/-/tslib-1.13.0.tgz",
          "integrity": "sha512-i/6DQjL8Xf3be4K/E6Wgpekn5Qasl1usyw++dAA35Ue5orEn65VIxOA+YvNNl9HV3qv70T7CNwjODHZrLwvd1Q=="
        }
      }
    }
  }
}
